
Microsoft Visual Studio Solution File, Format Version 12.00
# Visual Studio Version 17
VisualStudioVersion = 17.14.36414.22 d17.14
MinimumVisualStudioVersion = 10.0.40219.1
Project("{FAE04EC0-301F-11D3-BF4B-00C04F79EFBC}") = "Friend Manager", "Friend Manager\Friend Manager.csproj", "{1BA8AB41-A89E-432A-9A66-27274785560D}"
EndProject
Global
	GlobalSection(SolutionConfigurationPlatforms) = preSolution
		Debug|Any CPU = Debug|Any CPU
		Release|Any CPU = Release|Any CPU
	EndGlobalSection
	GlobalSection(ProjectConfigurationPlatforms) = postSolution
		{1BA8AB41-A89E-432A-9A66-27274785560D}.Debug|Any CPU.ActiveCfg = Debug|Any CPU
		{1BA8AB41-A89E-432A-9A66-27274785560D}.Debug|Any CPU.Build.0 = Debug|Any CPU
		{1BA8AB41-A89E-432A-9A66-27274785560D}.Release|Any CPU.ActiveCfg = Release|Any CPU
		{1BA8AB41-A89E-432A-9A66-27274785560D}.Release|Any CPU.Build.0 = Release|Any CPU
	EndGlobalSection
	GlobalSection(SolutionProperties) = preSolution
		HideSolutionNode = FALSE
	EndGlobalSection
	GlobalSection(ExtensibilityGlobals) = postSolution
		SolutionGuid = {1DDEC10C-A699-46C6-90A1-E7F794C3B8A4}
	EndGlobalSection
EndGlobal
